// !$*UTF8*$!
{
	archiveVersion = 1;
	classes = {
	};
	objectVersion = 51;
	objects = {

/* Begin PBXBuildFile section */
		259F87A6634DF2091C79F54A /* Pods_SuperNews.framework in Frameworks */ = {isa = PBXBuildFile; fileRef = 140B4637FF3A6770FEE0EF9B /* Pods_SuperNews.framework */; };
		405625D9113B754C49B476ED /* Pods_SuperNewsTests.framework in Frameworks */ = {isa = PBXBuildFile; fileRef = B0B3A3428844F5CCFF3AD112 /* Pods_SuperNewsTests.framework */; };
		4B01F106262F23F2006CBD90 /* countries.json in Resources */ = {isa = PBXBuildFile; fileRef = 4B01F105262F23F2006CBD90 /* countries.json */; };
		4B0BED4426404A6700FF75F9 /* SettingTableViewCell.swift in Sources */ = {isa = PBXBuildFile; fileRef = 4B0BED4326404A6700FF75F9 /* SettingTableViewCell.swift */; };
		4B0BED4726404B0700FF75F9 /* SettingsSection.swift in Sources */ = {isa = PBXBuildFile; fileRef = 4B0BED4626404B0700FF75F9 /* SettingsSection.swift */; };
		4B0BED4926404DC000FF75F9 /* settingsTableViewSection.xib in Resources */ = {isa = PBXBuildFile; fileRef = 4B0BED4826404DC000FF75F9 /* settingsTableViewSection.xib */; };
		4B0BED4B26404E9700FF75F9 /* SettingsHeaderView.swift in Sources */ = {isa = PBXBuildFile; fileRef = 4B0BED4A26404E9700FF75F9 /* SettingsHeaderView.swift */; };
		4B0BED4D2640547700FF75F9 /* SettingsSelectionViewController.swift in Sources */ = {isa = PBXBuildFile; fileRef = 4B0BED4C2640547700FF75F9 /* SettingsSelectionViewController.swift */; };
		4B0BED4F2640553100FF75F9 /* SettingChoiceTableViewCell.swift in Sources */ = {isa = PBXBuildFile; fileRef = 4B0BED4E2640553100FF75F9 /* SettingChoiceTableViewCell.swift */; };
		4B0BED512640581C00FF75F9 /* language.json in Resources */ = {isa = PBXBuildFile; fileRef = 4B0BED502640581C00FF75F9 /* language.json */; };
		4B0BED5326405CD100FF75F9 /* Language.swift in Sources */ = {isa = PBXBuildFile; fileRef = 4B0BED5226405CD100FF75F9 /* Language.swift */; };
		4B0FDE742656C13300F3149C /* SuperNewsLocalService.swift in Sources */ = {isa = PBXBuildFile; fileRef = 4B0FDE732656C13300F3149C /* SuperNewsLocalService.swift */; };
		4B19B2CA27616287007E9547 /* NewsCellViewModel.swift in Sources */ = {isa = PBXBuildFile; fileRef = 4B19B2C927616287007E9547 /* NewsCellViewModel.swift */; };
		4B19B2CD276162BD007E9547 /* CountryLocalNews.swift in Sources */ = {isa = PBXBuildFile; fileRef = 4B19B2CC276162BD007E9547 /* CountryLocalNews.swift */; };
		4B19B2CF27616373007E9547 /* ArticleViewModel.swift in Sources */ = {isa = PBXBuildFile; fileRef = 4B19B2CE27616373007E9547 /* ArticleViewModel.swift */; };
		4B19B2D227616428007E9547 /* NewsMockService.swift in Sources */ = {isa = PBXBuildFile; fileRef = 4B19B2D127616428007E9547 /* NewsMockService.swift */; };
		4B57DFCC26516B5700B079AB /* ApiKey.plist in Resources */ = {isa = PBXBuildFile; fileRef = 4B57DFCB26516B5700B079AB /* ApiKey.plist */; };
		4B66B974262893ED007F38C6 /* ArticleViewController.swift in Sources */ = {isa = PBXBuildFile; fileRef = 4B66B973262893ED007F38C6 /* ArticleViewController.swift */; };
		4B72872B263080C400A072DA /* CountryNewsViewController.swift in Sources */ = {isa = PBXBuildFile; fileRef = 4B72872A263080C400A072DA /* CountryNewsViewController.swift */; };
		4B73261B2652B91300F3C3EF /* CountryAutoCompletionTableViewCell.swift in Sources */ = {isa = PBXBuildFile; fileRef = 4B73261A2652B91300F3C3EF /* CountryAutoCompletionTableViewCell.swift */; };
		4B92480D276ABAC10031AE60 /* localDataTest.json in Resources */ = {isa = PBXBuildFile; fileRef = 4B92480C276ABAC10031AE60 /* localDataTest.json */; };
		4B92480F276ABC3A0031AE60 /* localDataTest.json in Resources */ = {isa = PBXBuildFile; fileRef = 4B92480C276ABAC10031AE60 /* localDataTest.json */; };
		4B924812276ABCA20031AE60 /* LocalTestSupport.swift in Sources */ = {isa = PBXBuildFile; fileRef = 4B924811276ABCA20031AE60 /* LocalTestSupport.swift */; };
		4B924814276AC6820031AE60 /* dataTest.json in Resources */ = {isa = PBXBuildFile; fileRef = 4B924813276AC6820031AE60 /* dataTest.json */; };
		4B924815276AC6820031AE60 /* dataTest.json in Resources */ = {isa = PBXBuildFile; fileRef = 4B924813276AC6820031AE60 /* dataTest.json */; };
		4B9E2EDD2765792C00FEBFF5 /* NewsMapViewModel.swift in Sources */ = {isa = PBXBuildFile; fileRef = 4B9E2EDC2765792C00FEBFF5 /* NewsMapViewModel.swift */; };
		4B9E2EDF27657C3B00FEBFF5 /* CountryNewsViewModel.swift in Sources */ = {isa = PBXBuildFile; fileRef = 4B9E2EDE27657C3B00FEBFF5 /* CountryNewsViewModel.swift */; };
		4B9F5AE627504FAF009264AB /* NewsViewModel.swift in Sources */ = {isa = PBXBuildFile; fileRef = 4B9F5AE527504FAF009264AB /* NewsViewModel.swift */; };
		4B9F5AE827504FF3009264AB /* APIService.swift in Sources */ = {isa = PBXBuildFile; fileRef = 4B9F5AE727504FF3009264AB /* APIService.swift */; };
		4B9F5AEF275052D3009264AB /* NewsAPIEndpoint.swift in Sources */ = {isa = PBXBuildFile; fileRef = 4B9F5AEE275052D3009264AB /* NewsAPIEndpoint.swift */; };
		4B9F5AF2275058A3009264AB /* NetworkRequest.swift in Sources */ = {isa = PBXBuildFile; fileRef = 4B9F5AF1275058A3009264AB /* NetworkRequest.swift */; };
		4BAFC6AF278DF31000312ADE /* ArticleOutput.swift in Sources */ = {isa = PBXBuildFile; fileRef = 4BAFC6AE278DF31000312ADE /* ArticleOutput.swift */; };
		4BAFC6B2278DF32400312ADE /* Source.swift in Sources */ = {isa = PBXBuildFile; fileRef = 4BAFC6B1278DF32400312ADE /* Source.swift */; };
		4BAFC6B6278DF36A00312ADE /* Languages.swift in Sources */ = {isa = PBXBuildFile; fileRef = 4BAFC6B5278DF36A00312ADE /* Languages.swift */; };
		4BAFC6B8278DF37B00312ADE /* Countries.swift in Sources */ = {isa = PBXBuildFile; fileRef = 4BAFC6B7278DF37B00312ADE /* Countries.swift */; };
		4BAFC6BC278DF3B200312ADE /* NewsCell.swift in Sources */ = {isa = PBXBuildFile; fileRef = 4BAFC6BB278DF3B200312ADE /* NewsCell.swift */; };
		4BAFC6BF278DF3CD00312ADE /* NewsArticle.swift in Sources */ = {isa = PBXBuildFile; fileRef = 4BAFC6BE278DF3CD00312ADE /* NewsArticle.swift */; };
		4BAFC6C1278DF3E400312ADE /* MainNews.swift in Sources */ = {isa = PBXBuildFile; fileRef = 4BAFC6C0278DF3E400312ADE /* MainNews.swift */; };
		4BB872EA276A08870088D7EA /* SettingsViewModel.swift in Sources */ = {isa = PBXBuildFile; fileRef = 4BB872E9276A08870088D7EA /* SettingsViewModel.swift */; };
		4BB872EC276A08B00088D7EA /* SettingSelectionViewModel.swift in Sources */ = {isa = PBXBuildFile; fileRef = 4BB872EB276A08B00088D7EA /* SettingSelectionViewModel.swift */; };
		4BB872F0276A0EC50088D7EA /* SettingChoiceCellViewModel.swift in Sources */ = {isa = PBXBuildFile; fileRef = 4BB872EF276A0EC50088D7EA /* SettingChoiceCellViewModel.swift */; };
		4BBAA06B26272DF1000C2D19 /* NewsAPIService.swift in Sources */ = {isa = PBXBuildFile; fileRef = 4BBAA06A26272DF1000C2D19 /* NewsAPIService.swift */; };
		4BBAA07726272EC0000C2D19 /* CustomButton.swift in Sources */ = {isa = PBXBuildFile; fileRef = 4BBAA07626272EC0000C2D19 /* CustomButton.swift */; };
		4BBAA07C26272ED1000C2D19 /* CustomView.swift in Sources */ = {isa = PBXBuildFile; fileRef = 4BBAA07B26272ED1000C2D19 /* CustomView.swift */; };
		4BBAA08126272EED000C2D19 /* CustomImageView.swift in Sources */ = {isa = PBXBuildFile; fileRef = 4BBAA08026272EED000C2D19 /* CustomImageView.swift */; };
		4BBAA087262745FE000C2D19 /* NewsAPIError.swift in Sources */ = {isa = PBXBuildFile; fileRef = 4BBAA086262745FE000C2D19 /* NewsAPIError.swift */; };
		4BBAA08C26274AF7000C2D19 /* Article.swift in Sources */ = {isa = PBXBuildFile; fileRef = 4BBAA08B26274AF7000C2D19 /* Article.swift */; };
		4BC4A87A262F396000DBD61F /* Country.swift in Sources */ = {isa = PBXBuildFile; fileRef = 4BC4A879262F396000DBD61F /* Country.swift */; };
		4BD83700276FCF0500C2E417 /* NewsViewModelTests.swift in Sources */ = {isa = PBXBuildFile; fileRef = 4BD836FF276FCF0500C2E417 /* NewsViewModelTests.swift */; };
		4BD83707276FE3E500C2E417 /* CountryNewsViewModelTests.swift in Sources */ = {isa = PBXBuildFile; fileRef = 4BD83706276FE3E500C2E417 /* CountryNewsViewModelTests.swift */; };
		4BD8ED8427697D2D00ABE58B /* SearchBarExtensions.swift in Sources */ = {isa = PBXBuildFile; fileRef = 4BD8ED8327697D2D00ABE58B /* SearchBarExtensions.swift */; };
		4BE3A55A2767FAB400D8A26D /* GPSLocationError.swift in Sources */ = {isa = PBXBuildFile; fileRef = 4BE3A5592767FAB400D8A26D /* GPSLocationError.swift */; };
		4BE3A55C2768026200D8A26D /* CountryCellViewModel.swift in Sources */ = {isa = PBXBuildFile; fileRef = 4BE3A55B2768026200D8A26D /* CountryCellViewModel.swift */; };
		4BE3A55E27681DD400D8A26D /* LocalServiceError.swift in Sources */ = {isa = PBXBuildFile; fileRef = 4BE3A55D27681DD400D8A26D /* LocalServiceError.swift */; };
		4BE43A7D2766CE3A008750EA /* AnnotationViewModel.swift in Sources */ = {isa = PBXBuildFile; fileRef = 4BE43A7C2766CE3A008750EA /* AnnotationViewModel.swift */; };
		4BE43A802766CFD0008750EA /* GPSLocationService.swift in Sources */ = {isa = PBXBuildFile; fileRef = 4BE43A7F2766CFD0008750EA /* GPSLocationService.swift */; };
		4BF66E48261F4EA00078CE36 /* AppDelegate.swift in Sources */ = {isa = PBXBuildFile; fileRef = 4BF66E47261F4EA00078CE36 /* AppDelegate.swift */; };
		4BF66E4A261F4EA00078CE36 /* SceneDelegate.swift in Sources */ = {isa = PBXBuildFile; fileRef = 4BF66E49261F4EA00078CE36 /* SceneDelegate.swift */; };
		4BF66E4C261F4EA00078CE36 /* HomeViewController.swift in Sources */ = {isa = PBXBuildFile; fileRef = 4BF66E4B261F4EA00078CE36 /* HomeViewController.swift */; };
		4BF66E4F261F4EA00078CE36 /* Main.storyboard in Resources */ = {isa = PBXBuildFile; fileRef = 4BF66E4D261F4EA00078CE36 /* Main.storyboard */; };
		4BF66E51261F4EA00078CE36 /* Assets.xcassets in Resources */ = {isa = PBXBuildFile; fileRef = 4BF66E50261F4EA00078CE36 /* Assets.xcassets */; };
		4BF66E54261F4EA00078CE36 /* LaunchScreen.storyboard in Resources */ = {isa = PBXBuildFile; fileRef = 4BF66E52261F4EA00078CE36 /* LaunchScreen.storyboard */; };
		4BF66E5F261F4EA00078CE36 /* SuperNewsTests.swift in Sources */ = {isa = PBXBuildFile; fileRef = 4BF66E5E261F4EA00078CE36 /* SuperNewsTests.swift */; };
		4BF66E6A261F4EA00078CE36 /* SuperNewsUITests.swift in Sources */ = {isa = PBXBuildFile; fileRef = 4BF66E69261F4EA00078CE36 /* SuperNewsUITests.swift */; };
		4BF66E85261F51690078CE36 /* NewsViewController.swift in Sources */ = {isa = PBXBuildFile; fileRef = 4BF66E84261F51690078CE36 /* NewsViewController.swift */; };
		4BF66E8A261F51830078CE36 /* NewsMapViewController.swift in Sources */ = {isa = PBXBuildFile; fileRef = 4BF66E89261F51830078CE36 /* NewsMapViewController.swift */; };
		4BF66E8F261F51920078CE36 /* SettingsViewController.swift in Sources */ = {isa = PBXBuildFile; fileRef = 4BF66E8E261F51920078CE36 /* SettingsViewController.swift */; };
		4BF66E95261F51A00078CE36 /* AboutViewController.swift in Sources */ = {isa = PBXBuildFile; fileRef = 4BF66E94261F51A00078CE36 /* AboutViewController.swift */; };
		4BF66EA3261F52D80078CE36 /* NewsTableViewCell.swift in Sources */ = {isa = PBXBuildFile; fileRef = 4BF66EA2261F52D80078CE36 /* NewsTableViewCell.swift */; };
		A0B70B15EDC4F27799C3601F /* Pods_SuperNews_SuperNewsUITests.framework in Frameworks */ = {isa = PBXBuildFile; fileRef = DC6338C38279F5B7E5BBDCC6 /* Pods_SuperNews_SuperNewsUITests.framework */; };
/* End PBXBuildFile section */

/* Begin PBXContainerItemProxy section */
		4BF66E5B261F4EA00078CE36 /* PBXContainerItemProxy */ = {
			isa = PBXContainerItemProxy;
			containerPortal = 4BF66E3C261F4EA00078CE36 /* Project object */;
			proxyType = 1;
			remoteGlobalIDString = 4BF66E43261F4EA00078CE36;
			remoteInfo = SuperNews;
		};
		4BF66E66261F4EA00078CE36 /* PBXContainerItemProxy */ = {
			isa = PBXContainerItemProxy;
			containerPortal = 4BF66E3C261F4EA00078CE36 /* Project object */;
			proxyType = 1;
			remoteGlobalIDString = 4BF66E43261F4EA00078CE36;
			remoteInfo = SuperNews;
		};
/* End PBXContainerItemProxy section */

/* Begin PBXFileReference section */
		140B4637FF3A6770FEE0EF9B /* Pods_SuperNews.framework */ = {isa = PBXFileReference; explicitFileType = wrapper.framework; includeInIndex = 0; path = Pods_SuperNews.framework; sourceTree = BUILT_PRODUCTS_DIR; };
		37D167163BF37EF3A1694426 /* Pods-SuperNewsTests.release.xcconfig */ = {isa = PBXFileReference; includeInIndex = 1; lastKnownFileType = text.xcconfig; name = "Pods-SuperNewsTests.release.xcconfig"; path = "Target Support Files/Pods-SuperNewsTests/Pods-SuperNewsTests.release.xcconfig"; sourceTree = "<group>"; };
		47F654CBD355DF74788696BD /* Pods-SuperNewsTests.debug.xcconfig */ = {isa = PBXFileReference; includeInIndex = 1; lastKnownFileType = text.xcconfig; name = "Pods-SuperNewsTests.debug.xcconfig"; path = "Target Support Files/Pods-SuperNewsTests/Pods-SuperNewsTests.debug.xcconfig"; sourceTree = "<group>"; };
		4B01F105262F23F2006CBD90 /* countries.json */ = {isa = PBXFileReference; lastKnownFileType = text.json; path = countries.json; sourceTree = "<group>"; };
		4B0BED4326404A6700FF75F9 /* SettingTableViewCell.swift */ = {isa = PBXFileReference; lastKnownFileType = sourcecode.swift; path = SettingTableViewCell.swift; sourceTree = "<group>"; };
		4B0BED4626404B0700FF75F9 /* SettingsSection.swift */ = {isa = PBXFileReference; lastKnownFileType = sourcecode.swift; path = SettingsSection.swift; sourceTree = "<group>"; };
		4B0BED4826404DC000FF75F9 /* settingsTableViewSection.xib */ = {isa = PBXFileReference; lastKnownFileType = file.xib; path = settingsTableViewSection.xib; sourceTree = "<group>"; };
		4B0BED4A26404E9700FF75F9 /* SettingsHeaderView.swift */ = {isa = PBXFileReference; lastKnownFileType = sourcecode.swift; path = SettingsHeaderView.swift; sourceTree = "<group>"; };
		4B0BED4C2640547700FF75F9 /* SettingsSelectionViewController.swift */ = {isa = PBXFileReference; lastKnownFileType = sourcecode.swift; path = SettingsSelectionViewController.swift; sourceTree = "<group>"; };
		4B0BED4E2640553100FF75F9 /* SettingChoiceTableViewCell.swift */ = {isa = PBXFileReference; lastKnownFileType = sourcecode.swift; path = SettingChoiceTableViewCell.swift; sourceTree = "<group>"; };
		4B0BED502640581C00FF75F9 /* language.json */ = {isa = PBXFileReference; lastKnownFileType = text.json; path = language.json; sourceTree = "<group>"; };
		4B0BED5226405CD100FF75F9 /* Language.swift */ = {isa = PBXFileReference; lastKnownFileType = sourcecode.swift; path = Language.swift; sourceTree = "<group>"; };
		4B0FDE732656C13300F3149C /* SuperNewsLocalService.swift */ = {isa = PBXFileReference; lastKnownFileType = sourcecode.swift; path = SuperNewsLocalService.swift; sourceTree = "<group>"; };
		4B19B2C927616287007E9547 /* NewsCellViewModel.swift */ = {isa = PBXFileReference; lastKnownFileType = sourcecode.swift; path = NewsCellViewModel.swift; sourceTree = "<group>"; };
		4B19B2CC276162BD007E9547 /* CountryLocalNews.swift */ = {isa = PBXFileReference; lastKnownFileType = sourcecode.swift; path = CountryLocalNews.swift; sourceTree = "<group>"; };
		4B19B2CE27616373007E9547 /* ArticleViewModel.swift */ = {isa = PBXFileReference; lastKnownFileType = sourcecode.swift; path = ArticleViewModel.swift; sourceTree = "<group>"; };
		4B19B2D127616428007E9547 /* NewsMockService.swift */ = {isa = PBXFileReference; lastKnownFileType = sourcecode.swift; path = NewsMockService.swift; sourceTree = "<group>"; };
		4B57DFCB26516B5700B079AB /* ApiKey.plist */ = {isa = PBXFileReference; fileEncoding = 4; lastKnownFileType = text.plist.xml; path = ApiKey.plist; sourceTree = "<group>"; };
		4B66B973262893ED007F38C6 /* ArticleViewController.swift */ = {isa = PBXFileReference; lastKnownFileType = sourcecode.swift; path = ArticleViewController.swift; sourceTree = "<group>"; };
		4B72872A263080C400A072DA /* CountryNewsViewController.swift */ = {isa = PBXFileReference; lastKnownFileType = sourcecode.swift; path = CountryNewsViewController.swift; sourceTree = "<group>"; };
		4B73261A2652B91300F3C3EF /* CountryAutoCompletionTableViewCell.swift */ = {isa = PBXFileReference; lastKnownFileType = sourcecode.swift; path = CountryAutoCompletionTableViewCell.swift; sourceTree = "<group>"; };
		4B92480C276ABAC10031AE60 /* localDataTest.json */ = {isa = PBXFileReference; lastKnownFileType = text.json; path = localDataTest.json; sourceTree = "<group>"; };
		4B924811276ABCA20031AE60 /* LocalTestSupport.swift */ = {isa = PBXFileReference; lastKnownFileType = sourcecode.swift; path = LocalTestSupport.swift; sourceTree = "<group>"; };
		4B924813276AC6820031AE60 /* dataTest.json */ = {isa = PBXFileReference; lastKnownFileType = text.json; path = dataTest.json; sourceTree = "<group>"; };
		4B9E2EDC2765792C00FEBFF5 /* NewsMapViewModel.swift */ = {isa = PBXFileReference; lastKnownFileType = sourcecode.swift; path = NewsMapViewModel.swift; sourceTree = "<group>"; };
		4B9E2EDE27657C3B00FEBFF5 /* CountryNewsViewModel.swift */ = {isa = PBXFileReference; lastKnownFileType = sourcecode.swift; path = CountryNewsViewModel.swift; sourceTree = "<group>"; };
		4B9F5AE527504FAF009264AB /* NewsViewModel.swift */ = {isa = PBXFileReference; lastKnownFileType = sourcecode.swift; path = NewsViewModel.swift; sourceTree = "<group>"; };
		4B9F5AE727504FF3009264AB /* APIService.swift */ = {isa = PBXFileReference; lastKnownFileType = sourcecode.swift; path = APIService.swift; sourceTree = "<group>"; };
		4B9F5AEE275052D3009264AB /* NewsAPIEndpoint.swift */ = {isa = PBXFileReference; lastKnownFileType = sourcecode.swift; path = NewsAPIEndpoint.swift; sourceTree = "<group>"; };
		4B9F5AF1275058A3009264AB /* NetworkRequest.swift */ = {isa = PBXFileReference; lastKnownFileType = sourcecode.swift; path = NetworkRequest.swift; sourceTree = "<group>"; };
		4BAFC6AE278DF31000312ADE /* ArticleOutput.swift */ = {isa = PBXFileReference; lastKnownFileType = sourcecode.swift; path = ArticleOutput.swift; sourceTree = "<group>"; };
		4BAFC6B1278DF32400312ADE /* Source.swift */ = {isa = PBXFileReference; lastKnownFileType = sourcecode.swift; path = Source.swift; sourceTree = "<group>"; };
		4BAFC6B5278DF36A00312ADE /* Languages.swift */ = {isa = PBXFileReference; lastKnownFileType = sourcecode.swift; path = Languages.swift; sourceTree = "<group>"; };
		4BAFC6B7278DF37B00312ADE /* Countries.swift */ = {isa = PBXFileReference; lastKnownFileType = sourcecode.swift; path = Countries.swift; sourceTree = "<group>"; };
		4BAFC6BB278DF3B200312ADE /* NewsCell.swift */ = {isa = PBXFileReference; lastKnownFileType = sourcecode.swift; path = NewsCell.swift; sourceTree = "<group>"; };
		4BAFC6BE278DF3CD00312ADE /* NewsArticle.swift */ = {isa = PBXFileReference; lastKnownFileType = sourcecode.swift; path = NewsArticle.swift; sourceTree = "<group>"; };
		4BAFC6C0278DF3E400312ADE /* MainNews.swift */ = {isa = PBXFileReference; lastKnownFileType = sourcecode.swift; path = MainNews.swift; sourceTree = "<group>"; };
		4BB872E9276A08870088D7EA /* SettingsViewModel.swift */ = {isa = PBXFileReference; lastKnownFileType = sourcecode.swift; path = SettingsViewModel.swift; sourceTree = "<group>"; };
		4BB872EB276A08B00088D7EA /* SettingSelectionViewModel.swift */ = {isa = PBXFileReference; lastKnownFileType = sourcecode.swift; path = SettingSelectionViewModel.swift; sourceTree = "<group>"; };
		4BB872EF276A0EC50088D7EA /* SettingChoiceCellViewModel.swift */ = {isa = PBXFileReference; lastKnownFileType = sourcecode.swift; path = SettingChoiceCellViewModel.swift; sourceTree = "<group>"; };
		4BBAA06A26272DF1000C2D19 /* NewsAPIService.swift */ = {isa = PBXFileReference; lastKnownFileType = sourcecode.swift; path = NewsAPIService.swift; sourceTree = "<group>"; };
		4BBAA07626272EC0000C2D19 /* CustomButton.swift */ = {isa = PBXFileReference; lastKnownFileType = sourcecode.swift; path = CustomButton.swift; sourceTree = "<group>"; };
		4BBAA07B26272ED1000C2D19 /* CustomView.swift */ = {isa = PBXFileReference; lastKnownFileType = sourcecode.swift; path = CustomView.swift; sourceTree = "<group>"; };
		4BBAA08026272EED000C2D19 /* CustomImageView.swift */ = {isa = PBXFileReference; lastKnownFileType = sourcecode.swift; path = CustomImageView.swift; sourceTree = "<group>"; };
		4BBAA086262745FE000C2D19 /* NewsAPIError.swift */ = {isa = PBXFileReference; lastKnownFileType = sourcecode.swift; path = NewsAPIError.swift; sourceTree = "<group>"; };
		4BBAA08B26274AF7000C2D19 /* Article.swift */ = {isa = PBXFileReference; lastKnownFileType = sourcecode.swift; path = Article.swift; sourceTree = "<group>"; };
		4BC4A879262F396000DBD61F /* Country.swift */ = {isa = PBXFileReference; lastKnownFileType = sourcecode.swift; path = Country.swift; sourceTree = "<group>"; };
		4BD836FF276FCF0500C2E417 /* NewsViewModelTests.swift */ = {isa = PBXFileReference; lastKnownFileType = sourcecode.swift; path = NewsViewModelTests.swift; sourceTree = "<group>"; };
		4BD83706276FE3E500C2E417 /* CountryNewsViewModelTests.swift */ = {isa = PBXFileReference; lastKnownFileType = sourcecode.swift; path = CountryNewsViewModelTests.swift; sourceTree = "<group>"; };
		4BD8ED8327697D2D00ABE58B /* SearchBarExtensions.swift */ = {isa = PBXFileReference; lastKnownFileType = sourcecode.swift; path = SearchBarExtensions.swift; sourceTree = "<group>"; };
		4BE3A5592767FAB400D8A26D /* GPSLocationError.swift */ = {isa = PBXFileReference; lastKnownFileType = sourcecode.swift; path = GPSLocationError.swift; sourceTree = "<group>"; };
		4BE3A55B2768026200D8A26D /* CountryCellViewModel.swift */ = {isa = PBXFileReference; lastKnownFileType = sourcecode.swift; path = CountryCellViewModel.swift; sourceTree = "<group>"; };
		4BE3A55D27681DD400D8A26D /* LocalServiceError.swift */ = {isa = PBXFileReference; lastKnownFileType = sourcecode.swift; path = LocalServiceError.swift; sourceTree = "<group>"; };
		4BE43A7C2766CE3A008750EA /* AnnotationViewModel.swift */ = {isa = PBXFileReference; lastKnownFileType = sourcecode.swift; path = AnnotationViewModel.swift; sourceTree = "<group>"; };
		4BE43A7F2766CFD0008750EA /* GPSLocationService.swift */ = {isa = PBXFileReference; lastKnownFileType = sourcecode.swift; path = GPSLocationService.swift; sourceTree = "<group>"; };
		4BF66E44261F4EA00078CE36 /* SuperNews.app */ = {isa = PBXFileReference; explicitFileType = wrapper.application; includeInIndex = 0; path = SuperNews.app; sourceTree = BUILT_PRODUCTS_DIR; };
		4BF66E47261F4EA00078CE36 /* AppDelegate.swift */ = {isa = PBXFileReference; lastKnownFileType = sourcecode.swift; path = AppDelegate.swift; sourceTree = "<group>"; };
		4BF66E49261F4EA00078CE36 /* SceneDelegate.swift */ = {isa = PBXFileReference; lastKnownFileType = sourcecode.swift; path = SceneDelegate.swift; sourceTree = "<group>"; };
		4BF66E4B261F4EA00078CE36 /* HomeViewController.swift */ = {isa = PBXFileReference; lastKnownFileType = sourcecode.swift; path = HomeViewController.swift; sourceTree = "<group>"; };
		4BF66E4E261F4EA00078CE36 /* Base */ = {isa = PBXFileReference; lastKnownFileType = file.storyboard; name = Base; path = Base.lproj/Main.storyboard; sourceTree = "<group>"; };
		4BF66E50261F4EA00078CE36 /* Assets.xcassets */ = {isa = PBXFileReference; lastKnownFileType = folder.assetcatalog; path = Assets.xcassets; sourceTree = "<group>"; };
		4BF66E53261F4EA00078CE36 /* Base */ = {isa = PBXFileReference; lastKnownFileType = file.storyboard; name = Base; path = Base.lproj/LaunchScreen.storyboard; sourceTree = "<group>"; };
		4BF66E55261F4EA00078CE36 /* Info.plist */ = {isa = PBXFileReference; lastKnownFileType = text.plist.xml; path = Info.plist; sourceTree = "<group>"; };
		4BF66E5A261F4EA00078CE36 /* SuperNewsTests.xctest */ = {isa = PBXFileReference; explicitFileType = wrapper.cfbundle; includeInIndex = 0; path = SuperNewsTests.xctest; sourceTree = BUILT_PRODUCTS_DIR; };
		4BF66E5E261F4EA00078CE36 /* SuperNewsTests.swift */ = {isa = PBXFileReference; lastKnownFileType = sourcecode.swift; path = SuperNewsTests.swift; sourceTree = "<group>"; };
		4BF66E60261F4EA00078CE36 /* Info.plist */ = {isa = PBXFileReference; lastKnownFileType = text.plist.xml; path = Info.plist; sourceTree = "<group>"; };
		4BF66E65261F4EA00078CE36 /* SuperNewsUITests.xctest */ = {isa = PBXFileReference; explicitFileType = wrapper.cfbundle; includeInIndex = 0; path = SuperNewsUITests.xctest; sourceTree = BUILT_PRODUCTS_DIR; };
		4BF66E69261F4EA00078CE36 /* SuperNewsUITests.swift */ = {isa = PBXFileReference; lastKnownFileType = sourcecode.swift; path = SuperNewsUITests.swift; sourceTree = "<group>"; };
		4BF66E6B261F4EA00078CE36 /* Info.plist */ = {isa = PBXFileReference; lastKnownFileType = text.plist.xml; path = Info.plist; sourceTree = "<group>"; };
		4BF66E84261F51690078CE36 /* NewsViewController.swift */ = {isa = PBXFileReference; lastKnownFileType = sourcecode.swift; path = NewsViewController.swift; sourceTree = "<group>"; };
		4BF66E89261F51830078CE36 /* NewsMapViewController.swift */ = {isa = PBXFileReference; lastKnownFileType = sourcecode.swift; path = NewsMapViewController.swift; sourceTree = "<group>"; };
		4BF66E8E261F51920078CE36 /* SettingsViewController.swift */ = {isa = PBXFileReference; lastKnownFileType = sourcecode.swift; path = SettingsViewController.swift; sourceTree = "<group>"; };
		4BF66E94261F51A00078CE36 /* AboutViewController.swift */ = {isa = PBXFileReference; lastKnownFileType = sourcecode.swift; path = AboutViewController.swift; sourceTree = "<group>"; };
		4BF66EA2261F52D80078CE36 /* NewsTableViewCell.swift */ = {isa = PBXFileReference; lastKnownFileType = sourcecode.swift; path = NewsTableViewCell.swift; sourceTree = "<group>"; };
		7861BABE9793C4A5FC04D66D /* Pods-SuperNews-SuperNewsUITests.debug.xcconfig */ = {isa = PBXFileReference; includeInIndex = 1; lastKnownFileType = text.xcconfig; name = "Pods-SuperNews-SuperNewsUITests.debug.xcconfig"; path = "Target Support Files/Pods-SuperNews-SuperNewsUITests/Pods-SuperNews-SuperNewsUITests.debug.xcconfig"; sourceTree = "<group>"; };
		9DA41367DBF7E195B4EA57B0 /* Pods-SuperNews.release.xcconfig */ = {isa = PBXFileReference; includeInIndex = 1; lastKnownFileType = text.xcconfig; name = "Pods-SuperNews.release.xcconfig"; path = "Target Support Files/Pods-SuperNews/Pods-SuperNews.release.xcconfig"; sourceTree = "<group>"; };
		A03DD4D1269AE79443F54120 /* Pods-SuperNews-SuperNewsUITests.release.xcconfig */ = {isa = PBXFileReference; includeInIndex = 1; lastKnownFileType = text.xcconfig; name = "Pods-SuperNews-SuperNewsUITests.release.xcconfig"; path = "Target Support Files/Pods-SuperNews-SuperNewsUITests/Pods-SuperNews-SuperNewsUITests.release.xcconfig"; sourceTree = "<group>"; };
		B0B3A3428844F5CCFF3AD112 /* Pods_SuperNewsTests.framework */ = {isa = PBXFileReference; explicitFileType = wrapper.framework; includeInIndex = 0; path = Pods_SuperNewsTests.framework; sourceTree = BUILT_PRODUCTS_DIR; };
		DC6338C38279F5B7E5BBDCC6 /* Pods_SuperNews_SuperNewsUITests.framework */ = {isa = PBXFileReference; explicitFileType = wrapper.framework; includeInIndex = 0; path = Pods_SuperNews_SuperNewsUITests.framework; sourceTree = BUILT_PRODUCTS_DIR; };
		FCCBF7372A34D96BF0AE0AF8 /* Pods-SuperNews.debug.xcconfig */ = {isa = PBXFileReference; includeInIndex = 1; lastKnownFileType = text.xcconfig; name = "Pods-SuperNews.debug.xcconfig"; path = "Target Support Files/Pods-SuperNews/Pods-SuperNews.debug.xcconfig"; sourceTree = "<group>"; };
/* End PBXFileReference section */

/* Begin PBXFrameworksBuildPhase section */
		4BF66E41261F4EA00078CE36 /* Frameworks */ = {
			isa = PBXFrameworksBuildPhase;
			buildActionMask = 2147483647;
			files = (
				259F87A6634DF2091C79F54A /* Pods_SuperNews.framework in Frameworks */,
			);
			runOnlyForDeploymentPostprocessing = 0;
		};
		4BF66E57261F4EA00078CE36 /* Frameworks */ = {
			isa = PBXFrameworksBuildPhase;
			buildActionMask = 2147483647;
			files = (
				405625D9113B754C49B476ED /* Pods_SuperNewsTests.framework in Frameworks */,
			);
			runOnlyForDeploymentPostprocessing = 0;
		};
		4BF66E62261F4EA00078CE36 /* Frameworks */ = {
			isa = PBXFrameworksBuildPhase;
			buildActionMask = 2147483647;
			files = (
				A0B70B15EDC4F27799C3601F /* Pods_SuperNews_SuperNewsUITests.framework in Frameworks */,
			);
			runOnlyForDeploymentPostprocessing = 0;
		};
/* End PBXFrameworksBuildPhase section */

/* Begin PBXGroup section */
		4B0BED4526404AD900FF75F9 /* Custom Views */ = {
			isa = PBXGroup;
			children = (
				4BBAA07626272EC0000C2D19 /* CustomButton.swift */,
				4BBAA07B26272ED1000C2D19 /* CustomView.swift */,
				4BBAA08026272EED000C2D19 /* CustomImageView.swift */,
				4BD8ED8327697D2D00ABE58B /* SearchBarExtensions.swift */,
			);
			path = "Custom Views";
			sourceTree = "<group>";
		};
		4B77A15C275048720065A4F3 /* Settings */ = {
			isa = PBXGroup;
			children = (
				4BB872EE276A08C00088D7EA /* Selection page */,
				4BB872ED276A08B50088D7EA /* Main page */,
			);
			path = Settings;
			sourceTree = "<group>";
		};
		4B9F5ADF27504984009264AB /* Home */ = {
			isa = PBXGroup;
			children = (
				4BF66E4B261F4EA00078CE36 /* HomeViewController.swift */,
			);
			path = Home;
			sourceTree = "<group>";
		};
		4B9F5AE02750498A009264AB /* World Map */ = {
			isa = PBXGroup;
			children = (
				4BE43A7B2766C399008750EA /* Map */,
				4BE43A7A2766C393008750EA /* CountryNews */,
			);
			path = "World Map";
			sourceTree = "<group>";
		};
		4B9F5AE127504E94009264AB /* Article */ = {
			isa = PBXGroup;
			children = (
				4B66B973262893ED007F38C6 /* ArticleViewController.swift */,
				4B19B2CE27616373007E9547 /* ArticleViewModel.swift */,
			);
			path = Article;
			sourceTree = "<group>";
		};
		4B9F5AE227504EFE009264AB /* Resources */ = {
			isa = PBXGroup;
			children = (
				4B9F5AE327504F0C009264AB /* Storyboards */,
				4BF66E47261F4EA00078CE36 /* AppDelegate.swift */,
				4BF66E49261F4EA00078CE36 /* SceneDelegate.swift */,
				4BF66E50261F4EA00078CE36 /* Assets.xcassets */,
			);
			path = Resources;
			sourceTree = "<group>";
		};
		4B9F5AE327504F0C009264AB /* Storyboards */ = {
			isa = PBXGroup;
			children = (
				4BF66E4D261F4EA00078CE36 /* Main.storyboard */,
				4BF66E52261F4EA00078CE36 /* LaunchScreen.storyboard */,
			);
			path = Storyboards;
			sourceTree = "<group>";
		};
		4B9F5AEB27505199009264AB /* Network Layer */ = {
			isa = PBXGroup;
			children = (
				4B9F5AEE275052D3009264AB /* NewsAPIEndpoint.swift */,
				4B9F5AF1275058A3009264AB /* NetworkRequest.swift */,
				4B9F5AE727504FF3009264AB /* APIService.swift */,
				4BBAA06A26272DF1000C2D19 /* NewsAPIService.swift */,
				4BBAA086262745FE000C2D19 /* NewsAPIError.swift */,
			);
			path = "Network Layer";
			sourceTree = "<group>";
		};
		4BAFC6B0278DF31700312ADE /* Article */ = {
			isa = PBXGroup;
			children = (
				4BBAA08B26274AF7000C2D19 /* Article.swift */,
				4BAFC6AE278DF31000312ADE /* ArticleOutput.swift */,
				4BAFC6B1278DF32400312ADE /* Source.swift */,
			);
			path = Article;
			sourceTree = "<group>";
		};
		4BAFC6B3278DF34900312ADE /* Country */ = {
			isa = PBXGroup;
			children = (
				4BC4A879262F396000DBD61F /* Country.swift */,
				4BAFC6B7278DF37B00312ADE /* Countries.swift */,
			);
			path = Country;
			sourceTree = "<group>";
		};
		4BAFC6B4278DF34F00312ADE /* Language */ = {
			isa = PBXGroup;
			children = (
				4B0BED5226405CD100FF75F9 /* Language.swift */,
				4BAFC6B5278DF36A00312ADE /* Languages.swift */,
			);
			path = Language;
			sourceTree = "<group>";
		};
		4BAFC6B9278DF39400312ADE /* ViewModel Protocols */ = {
			isa = PBXGroup;
			children = (
				4B19B2CC276162BD007E9547 /* CountryLocalNews.swift */,
				4BAFC6BB278DF3B200312ADE /* NewsCell.swift */,
				4BAFC6BE278DF3CD00312ADE /* NewsArticle.swift */,
				4BAFC6C0278DF3E400312ADE /* MainNews.swift */,
			);
			path = "ViewModel Protocols";
			sourceTree = "<group>";
		};
		4BB872E8276A07100088D7EA /* Local Layer */ = {
			isa = PBXGroup;
			children = (
				4B0FDE732656C13300F3149C /* SuperNewsLocalService.swift */,
				4BE3A55D27681DD400D8A26D /* LocalServiceError.swift */,
			);
			path = "Local Layer";
			sourceTree = "<group>";
		};
		4BB872ED276A08B50088D7EA /* Main page */ = {
			isa = PBXGroup;
			children = (
				4BF66E8E261F51920078CE36 /* SettingsViewController.swift */,
				4BB872E9276A08870088D7EA /* SettingsViewModel.swift */,
				4B0BED4326404A6700FF75F9 /* SettingTableViewCell.swift */,
				4B0BED4826404DC000FF75F9 /* settingsTableViewSection.xib */,
			);
			path = "Main page";
			sourceTree = "<group>";
		};
		4BB872EE276A08C00088D7EA /* Selection page */ = {
			isa = PBXGroup;
			children = (
				4B0BED4C2640547700FF75F9 /* SettingsSelectionViewController.swift */,
				4B0BED4A26404E9700FF75F9 /* SettingsHeaderView.swift */,
				4BB872EB276A08B00088D7EA /* SettingSelectionViewModel.swift */,
				4BB872EF276A0EC50088D7EA /* SettingChoiceCellViewModel.swift */,
				4B0BED4E2640553100FF75F9 /* SettingChoiceTableViewCell.swift */,
			);
			path = "Selection page";
			sourceTree = "<group>";
		};
		4BDF754C2750495A00937151 /* News */ = {
			isa = PBXGroup;
			children = (
				4BF66E84261F51690078CE36 /* NewsViewController.swift */,
				4BF66EA2261F52D80078CE36 /* NewsTableViewCell.swift */,
				4B9F5AE527504FAF009264AB /* NewsViewModel.swift */,
				4B19B2C927616287007E9547 /* NewsCellViewModel.swift */,
			);
			path = News;
			sourceTree = "<group>";
		};
		4BE43A7A2766C393008750EA /* CountryNews */ = {
			isa = PBXGroup;
			children = (
				4B72872A263080C400A072DA /* CountryNewsViewController.swift */,
				4B9E2EDE27657C3B00FEBFF5 /* CountryNewsViewModel.swift */,
			);
			path = CountryNews;
			sourceTree = "<group>";
		};
		4BE43A7B2766C399008750EA /* Map */ = {
			isa = PBXGroup;
			children = (
				4B73261A2652B91300F3C3EF /* CountryAutoCompletionTableViewCell.swift */,
				4BF66E89261F51830078CE36 /* NewsMapViewController.swift */,
				4B9E2EDC2765792C00FEBFF5 /* NewsMapViewModel.swift */,
				4BE43A7C2766CE3A008750EA /* AnnotationViewModel.swift */,
				4BE3A55B2768026200D8A26D /* CountryCellViewModel.swift */,
			);
			path = Map;
			sourceTree = "<group>";
		};
		4BE43A7E2766CF1E008750EA /* GPS Location Layer */ = {
			isa = PBXGroup;
			children = (
				4BE43A7F2766CFD0008750EA /* GPSLocationService.swift */,
				4BE3A5592767FAB400D8A26D /* GPSLocationError.swift */,
			);
			path = "GPS Location Layer";
			sourceTree = "<group>";
		};
		4BF66E3B261F4EA00078CE36 = {
			isa = PBXGroup;
			children = (
				4BF66E46261F4EA00078CE36 /* SuperNews */,
				4BF66E5D261F4EA00078CE36 /* SuperNewsTests */,
				4BF66E68261F4EA00078CE36 /* SuperNewsUITests */,
				4BF66E45261F4EA00078CE36 /* Products */,
				65E1D74BBFEC7415732AEBCE /* Pods */,
				CF266FEB5BE19FDB453E85EB /* Frameworks */,
			);
			sourceTree = "<group>";
		};
		4BF66E45261F4EA00078CE36 /* Products */ = {
			isa = PBXGroup;
			children = (
				4BF66E44261F4EA00078CE36 /* SuperNews.app */,
				4BF66E5A261F4EA00078CE36 /* SuperNewsTests.xctest */,
				4BF66E65261F4EA00078CE36 /* SuperNewsUITests.xctest */,
			);
			name = Products;
			sourceTree = "<group>";
		};
		4BF66E46261F4EA00078CE36 /* SuperNews */ = {
			isa = PBXGroup;
			children = (
				4B9F5AE127504E94009264AB /* Article */,
				4B9F5AE02750498A009264AB /* World Map */,
				4B9F5ADF27504984009264AB /* Home */,
				4BDF754C2750495A00937151 /* News */,
				4B77A15C275048720065A4F3 /* Settings */,
				4BF66E80261F4EE10078CE36 /* Service */,
				4BF66E7D261F4EBC0078CE36 /* Model */,
				4BF66E7E261F4EC10078CE36 /* View */,
				4BF66E7F261F4EC80078CE36 /* Controller */,
				4B9F5AE227504EFE009264AB /* Resources */,
				4B57DFCB26516B5700B079AB /* ApiKey.plist */,
				4BF66E55261F4EA00078CE36 /* Info.plist */,
				4B01F105262F23F2006CBD90 /* countries.json */,
				4B0BED502640581C00FF75F9 /* language.json */,
			);
			path = SuperNews;
			sourceTree = "<group>";
		};
		4BF66E5D261F4EA00078CE36 /* SuperNewsTests */ = {
			isa = PBXGroup;
			children = (
				4BD836FF276FCF0500C2E417 /* NewsViewModelTests.swift */,
				4BF66E5E261F4EA00078CE36 /* SuperNewsTests.swift */,
				4B19B2D127616428007E9547 /* NewsMockService.swift */,
				4B924811276ABCA20031AE60 /* LocalTestSupport.swift */,
				4B92480C276ABAC10031AE60 /* localDataTest.json */,
				4B924813276AC6820031AE60 /* dataTest.json */,
				4BF66E60261F4EA00078CE36 /* Info.plist */,
				4BD83706276FE3E500C2E417 /* CountryNewsViewModelTests.swift */,
			);
			path = SuperNewsTests;
			sourceTree = "<group>";
		};
		4BF66E68261F4EA00078CE36 /* SuperNewsUITests */ = {
			isa = PBXGroup;
			children = (
				4BF66E69261F4EA00078CE36 /* SuperNewsUITests.swift */,
				4BF66E6B261F4EA00078CE36 /* Info.plist */,
			);
			path = SuperNewsUITests;
			sourceTree = "<group>";
		};
		4BF66E7D261F4EBC0078CE36 /* Model */ = {
			isa = PBXGroup;
			children = (
				4BAFC6B9278DF39400312ADE /* ViewModel Protocols */,
				4BAFC6B4278DF34F00312ADE /* Language */,
				4BAFC6B3278DF34900312ADE /* Country */,
				4BAFC6B0278DF31700312ADE /* Article */,
				4B0BED4626404B0700FF75F9 /* SettingsSection.swift */,
			);
			path = Model;
			sourceTree = "<group>";
		};
		4BF66E7E261F4EC10078CE36 /* View */ = {
			isa = PBXGroup;
			children = (
				4B0BED4526404AD900FF75F9 /* Custom Views */,
			);
			path = View;
			sourceTree = "<group>";
		};
		4BF66E7F261F4EC80078CE36 /* Controller */ = {
			isa = PBXGroup;
			children = (
				4BF66E94261F51A00078CE36 /* AboutViewController.swift */,
			);
			path = Controller;
			sourceTree = "<group>";
		};
		4BF66E80261F4EE10078CE36 /* Service */ = {
			isa = PBXGroup;
			children = (
				4BB872E8276A07100088D7EA /* Local Layer */,
				4BE43A7E2766CF1E008750EA /* GPS Location Layer */,
				4B9F5AEB27505199009264AB /* Network Layer */,
			);
			path = Service;
			sourceTree = "<group>";
		};
		65E1D74BBFEC7415732AEBCE /* Pods */ = {
			isa = PBXGroup;
			children = (
				FCCBF7372A34D96BF0AE0AF8 /* Pods-SuperNews.debug.xcconfig */,
				9DA41367DBF7E195B4EA57B0 /* Pods-SuperNews.release.xcconfig */,
				7861BABE9793C4A5FC04D66D /* Pods-SuperNews-SuperNewsUITests.debug.xcconfig */,
				A03DD4D1269AE79443F54120 /* Pods-SuperNews-SuperNewsUITests.release.xcconfig */,
				47F654CBD355DF74788696BD /* Pods-SuperNewsTests.debug.xcconfig */,
				37D167163BF37EF3A1694426 /* Pods-SuperNewsTests.release.xcconfig */,
			);
			path = Pods;
			sourceTree = "<group>";
		};
		CF266FEB5BE19FDB453E85EB /* Frameworks */ = {
			isa = PBXGroup;
			children = (
				140B4637FF3A6770FEE0EF9B /* Pods_SuperNews.framework */,
				DC6338C38279F5B7E5BBDCC6 /* Pods_SuperNews_SuperNewsUITests.framework */,
				B0B3A3428844F5CCFF3AD112 /* Pods_SuperNewsTests.framework */,
			);
			name = Frameworks;
			sourceTree = "<group>";
		};
/* End PBXGroup section */

/* Begin PBXNativeTarget section */
		4BF66E43261F4EA00078CE36 /* SuperNews */ = {
			isa = PBXNativeTarget;
			buildConfigurationList = 4BF66E6E261F4EA00078CE36 /* Build configuration list for PBXNativeTarget "SuperNews" */;
			buildPhases = (
				4C04B3C0BB1C04D1C6572F68 /* [CP] Check Pods Manifest.lock */,
				4BF66E40261F4EA00078CE36 /* Sources */,
				4BF66E41261F4EA00078CE36 /* Frameworks */,
				4BF66E42261F4EA00078CE36 /* Resources */,
				C9CF4DDB2F54E48A727B8A44 /* [CP] Embed Pods Frameworks */,
			);
			buildRules = (
			);
			dependencies = (
			);
			name = SuperNews;
			productName = SuperNews;
			productReference = 4BF66E44261F4EA00078CE36 /* SuperNews.app */;
			productType = "com.apple.product-type.application";
		};
		4BF66E59261F4EA00078CE36 /* SuperNewsTests */ = {
			isa = PBXNativeTarget;
			buildConfigurationList = 4BF66E71261F4EA00078CE36 /* Build configuration list for PBXNativeTarget "SuperNewsTests" */;
			buildPhases = (
				532FEDB19CB24F30D2C18AC5 /* [CP] Check Pods Manifest.lock */,
				4BF66E56261F4EA00078CE36 /* Sources */,
				4BF66E57261F4EA00078CE36 /* Frameworks */,
				4BF66E58261F4EA00078CE36 /* Resources */,
			);
			buildRules = (
			);
			dependencies = (
				4BF66E5C261F4EA00078CE36 /* PBXTargetDependency */,
			);
			name = SuperNewsTests;
			productName = SuperNewsTests;
			productReference = 4BF66E5A261F4EA00078CE36 /* SuperNewsTests.xctest */;
			productType = "com.apple.product-type.bundle.unit-test";
		};
		4BF66E64261F4EA00078CE36 /* SuperNewsUITests */ = {
			isa = PBXNativeTarget;
			buildConfigurationList = 4BF66E74261F4EA00078CE36 /* Build configuration list for PBXNativeTarget "SuperNewsUITests" */;
			buildPhases = (
				B40A2DE0B3FD7F5C9F12077A /* [CP] Check Pods Manifest.lock */,
				4BF66E61261F4EA00078CE36 /* Sources */,
				4BF66E62261F4EA00078CE36 /* Frameworks */,
				4BF66E63261F4EA00078CE36 /* Resources */,
				1C23FD3CD75A50C76A0C8552 /* [CP] Embed Pods Frameworks */,
			);
			buildRules = (
			);
			dependencies = (
				4BF66E67261F4EA00078CE36 /* PBXTargetDependency */,
			);
			name = SuperNewsUITests;
			productName = SuperNewsUITests;
			productReference = 4BF66E65261F4EA00078CE36 /* SuperNewsUITests.xctest */;
			productType = "com.apple.product-type.bundle.ui-testing";
		};
/* End PBXNativeTarget section */

/* Begin PBXProject section */
		4BF66E3C261F4EA00078CE36 /* Project object */ = {
			isa = PBXProject;
			attributes = {
				LastSwiftUpdateCheck = 1240;
				LastUpgradeCheck = 1240;
				TargetAttributes = {
					4BF66E43261F4EA00078CE36 = {
						CreatedOnToolsVersion = 12.4;
					};
					4BF66E59261F4EA00078CE36 = {
						CreatedOnToolsVersion = 12.4;
						TestTargetID = 4BF66E43261F4EA00078CE36;
					};
					4BF66E64261F4EA00078CE36 = {
						CreatedOnToolsVersion = 12.4;
						TestTargetID = 4BF66E43261F4EA00078CE36;
					};
				};
			};
			buildConfigurationList = 4BF66E3F261F4EA00078CE36 /* Build configuration list for PBXProject "SuperNews" */;
			compatibilityVersion = "Xcode 9.3";
			developmentRegion = en;
			hasScannedForEncodings = 0;
			knownRegions = (
				en,
				Base,
			);
			mainGroup = 4BF66E3B261F4EA00078CE36;
			productRefGroup = 4BF66E45261F4EA00078CE36 /* Products */;
			projectDirPath = "";
			projectRoot = "";
			targets = (
				4BF66E43261F4EA00078CE36 /* SuperNews */,
				4BF66E59261F4EA00078CE36 /* SuperNewsTests */,
				4BF66E64261F4EA00078CE36 /* SuperNewsUITests */,
			);
		};
/* End PBXProject section */

/* Begin PBXResourcesBuildPhase section */
		4BF66E42261F4EA00078CE36 /* Resources */ = {
			isa = PBXResourcesBuildPhase;
			buildActionMask = 2147483647;
			files = (
				4B57DFCC26516B5700B079AB /* ApiKey.plist in Resources */,
				4BF66E54261F4EA00078CE36 /* LaunchScreen.storyboard in Resources */,
				4B0BED512640581C00FF75F9 /* language.json in Resources */,
				4B924814276AC6820031AE60 /* dataTest.json in Resources */,
				4B0BED4926404DC000FF75F9 /* settingsTableViewSection.xib in Resources */,
				4BF66E51261F4EA00078CE36 /* Assets.xcassets in Resources */,
				4B01F106262F23F2006CBD90 /* countries.json in Resources */,
				4BF66E4F261F4EA00078CE36 /* Main.storyboard in Resources */,
				4B92480F276ABC3A0031AE60 /* localDataTest.json in Resources */,
			);
			runOnlyForDeploymentPostprocessing = 0;
		};
		4BF66E58261F4EA00078CE36 /* Resources */ = {
			isa = PBXResourcesBuildPhase;
			buildActionMask = 2147483647;
			files = (
				4B92480D276ABAC10031AE60 /* localDataTest.json in Resources */,
				4B924815276AC6820031AE60 /* dataTest.json in Resources */,
			);
			runOnlyForDeploymentPostprocessing = 0;
		};
		4BF66E63261F4EA00078CE36 /* Resources */ = {
			isa = PBXResourcesBuildPhase;
			buildActionMask = 2147483647;
			files = (
			);
			runOnlyForDeploymentPostprocessing = 0;
		};
/* End PBXResourcesBuildPhase section */

/* Begin PBXShellScriptBuildPhase section */
		1C23FD3CD75A50C76A0C8552 /* [CP] Embed Pods Frameworks */ = {
			isa = PBXShellScriptBuildPhase;
			buildActionMask = 2147483647;
			files = (
			);
			inputFileListPaths = (
				"${PODS_ROOT}/Target Support Files/Pods-SuperNews-SuperNewsUITests/Pods-SuperNews-SuperNewsUITests-frameworks-${CONFIGURATION}-input-files.xcfilelist",
			);
			name = "[CP] Embed Pods Frameworks";
			outputFileListPaths = (
				"${PODS_ROOT}/Target Support Files/Pods-SuperNews-SuperNewsUITests/Pods-SuperNews-SuperNewsUITests-frameworks-${CONFIGURATION}-output-files.xcfilelist",
			);
			runOnlyForDeploymentPostprocessing = 0;
			shellPath = /bin/sh;
			shellScript = "\"${PODS_ROOT}/Target Support Files/Pods-SuperNews-SuperNewsUITests/Pods-SuperNews-SuperNewsUITests-frameworks.sh\"\n";
			showEnvVarsInLog = 0;
		};
		4C04B3C0BB1C04D1C6572F68 /* [CP] Check Pods Manifest.lock */ = {
			isa = PBXShellScriptBuildPhase;
			buildActionMask = 2147483647;
			files = (
			);
			inputFileListPaths = (
			);
			inputPaths = (
				"${PODS_PODFILE_DIR_PATH}/Podfile.lock",
				"${PODS_ROOT}/Manifest.lock",
			);
			name = "[CP] Check Pods Manifest.lock";
			outputFileListPaths = (
			);
			outputPaths = (
				"$(DERIVED_FILE_DIR)/Pods-SuperNews-checkManifestLockResult.txt",
			);
			runOnlyForDeploymentPostprocessing = 0;
			shellPath = /bin/sh;
			shellScript = "diff \"${PODS_PODFILE_DIR_PATH}/Podfile.lock\" \"${PODS_ROOT}/Manifest.lock\" > /dev/null\nif [ $? != 0 ] ; then\n    # print error to STDERR\n    echo \"error: The sandbox is not in sync with the Podfile.lock. Run 'pod install' or update your CocoaPods installation.\" >&2\n    exit 1\nfi\n# This output is used by Xcode 'outputs' to avoid re-running this script phase.\necho \"SUCCESS\" > \"${SCRIPT_OUTPUT_FILE_0}\"\n";
			showEnvVarsInLog = 0;
		};
		532FEDB19CB24F30D2C18AC5 /* [CP] Check Pods Manifest.lock */ = {
			isa = PBXShellScriptBuildPhase;
			buildActionMask = 2147483647;
			files = (
			);
			inputFileListPaths = (
			);
			inputPaths = (
				"${PODS_PODFILE_DIR_PATH}/Podfile.lock",
				"${PODS_ROOT}/Manifest.lock",
			);
			name = "[CP] Check Pods Manifest.lock";
			outputFileListPaths = (
			);
			outputPaths = (
				"$(DERIVED_FILE_DIR)/Pods-SuperNewsTests-checkManifestLockResult.txt",
			);
			runOnlyForDeploymentPostprocessing = 0;
			shellPath = /bin/sh;
			shellScript = "diff \"${PODS_PODFILE_DIR_PATH}/Podfile.lock\" \"${PODS_ROOT}/Manifest.lock\" > /dev/null\nif [ $? != 0 ] ; then\n    # print error to STDERR\n    echo \"error: The sandbox is not in sync with the Podfile.lock. Run 'pod install' or update your CocoaPods installation.\" >&2\n    exit 1\nfi\n# This output is used by Xcode 'outputs' to avoid re-running this script phase.\necho \"SUCCESS\" > \"${SCRIPT_OUTPUT_FILE_0}\"\n";
			showEnvVarsInLog = 0;
		};
		B40A2DE0B3FD7F5C9F12077A /* [CP] Check Pods Manifest.lock */ = {
			isa = PBXShellScriptBuildPhase;
			buildActionMask = 2147483647;
			files = (
			);
			inputFileListPaths = (
			);
			inputPaths = (
				"${PODS_PODFILE_DIR_PATH}/Podfile.lock",
				"${PODS_ROOT}/Manifest.lock",
			);
			name = "[CP] Check Pods Manifest.lock";
			outputFileListPaths = (
			);
			outputPaths = (
				"$(DERIVED_FILE_DIR)/Pods-SuperNews-SuperNewsUITests-checkManifestLockResult.txt",
			);
			runOnlyForDeploymentPostprocessing = 0;
			shellPath = /bin/sh;
			shellScript = "diff \"${PODS_PODFILE_DIR_PATH}/Podfile.lock\" \"${PODS_ROOT}/Manifest.lock\" > /dev/null\nif [ $? != 0 ] ; then\n    # print error to STDERR\n    echo \"error: The sandbox is not in sync with the Podfile.lock. Run 'pod install' or update your CocoaPods installation.\" >&2\n    exit 1\nfi\n# This output is used by Xcode 'outputs' to avoid re-running this script phase.\necho \"SUCCESS\" > \"${SCRIPT_OUTPUT_FILE_0}\"\n";
			showEnvVarsInLog = 0;
		};
		C9CF4DDB2F54E48A727B8A44 /* [CP] Embed Pods Frameworks */ = {
			isa = PBXShellScriptBuildPhase;
			buildActionMask = 2147483647;
			files = (
			);
			inputFileListPaths = (
				"${PODS_ROOT}/Target Support Files/Pods-SuperNews/Pods-SuperNews-frameworks-${CONFIGURATION}-input-files.xcfilelist",
			);
			name = "[CP] Embed Pods Frameworks";
			outputFileListPaths = (
				"${PODS_ROOT}/Target Support Files/Pods-SuperNews/Pods-SuperNews-frameworks-${CONFIGURATION}-output-files.xcfilelist",
			);
			runOnlyForDeploymentPostprocessing = 0;
			shellPath = /bin/sh;
			shellScript = "\"${PODS_ROOT}/Target Support Files/Pods-SuperNews/Pods-SuperNews-frameworks.sh\"\n";
			showEnvVarsInLog = 0;
		};
/* End PBXShellScriptBuildPhase section */

/* Begin PBXSourcesBuildPhase section */
		4BF66E40261F4EA00078CE36 /* Sources */ = {
			isa = PBXSourcesBuildPhase;
			buildActionMask = 2147483647;
			files = (
				4BB872EC276A08B00088D7EA /* SettingSelectionViewModel.swift in Sources */,
				4BAFC6B8278DF37B00312ADE /* Countries.swift in Sources */,
				4BBAA087262745FE000C2D19 /* NewsAPIError.swift in Sources */,
				4B0BED4B26404E9700FF75F9 /* SettingsHeaderView.swift in Sources */,
				4B9F5AE827504FF3009264AB /* APIService.swift in Sources */,
				4BF66E8A261F51830078CE36 /* NewsMapViewController.swift in Sources */,
				4BF66E4C261F4EA00078CE36 /* HomeViewController.swift in Sources */,
				4BAFC6BF278DF3CD00312ADE /* NewsArticle.swift in Sources */,
				4BF66EA3261F52D80078CE36 /* NewsTableViewCell.swift in Sources */,
				4BF66E48261F4EA00078CE36 /* AppDelegate.swift in Sources */,
				4B9F5AEF275052D3009264AB /* NewsAPIEndpoint.swift in Sources */,
				4BAFC6B6278DF36A00312ADE /* Languages.swift in Sources */,
				4BF66E95261F51A00078CE36 /* AboutViewController.swift in Sources */,
				4BE43A802766CFD0008750EA /* GPSLocationService.swift in Sources */,
				4B19B2CA27616287007E9547 /* NewsCellViewModel.swift in Sources */,
				4BC4A87A262F396000DBD61F /* Country.swift in Sources */,
				4BB872F0276A0EC50088D7EA /* SettingChoiceCellViewModel.swift in Sources */,
				4BB872EA276A08870088D7EA /* SettingsViewModel.swift in Sources */,
				4BF66E4A261F4EA00078CE36 /* SceneDelegate.swift in Sources */,
				4B0BED4426404A6700FF75F9 /* SettingTableViewCell.swift in Sources */,
				4BF66E85261F51690078CE36 /* NewsViewController.swift in Sources */,
				4B9F5AE627504FAF009264AB /* NewsViewModel.swift in Sources */,
				4B0BED4F2640553100FF75F9 /* SettingChoiceTableViewCell.swift in Sources */,
				4BAFC6C1278DF3E400312ADE /* MainNews.swift in Sources */,
				4BAFC6BC278DF3B200312ADE /* NewsCell.swift in Sources */,
				4BE43A7D2766CE3A008750EA /* AnnotationViewModel.swift in Sources */,
				4BBAA07726272EC0000C2D19 /* CustomButton.swift in Sources */,
				4B0FDE742656C13300F3149C /* SuperNewsLocalService.swift in Sources */,
				4BAFC6B2278DF32400312ADE /* Source.swift in Sources */,
				4BE3A55A2767FAB400D8A26D /* GPSLocationError.swift in Sources */,
				4B9F5AF2275058A3009264AB /* NetworkRequest.swift in Sources */,
				4B66B974262893ED007F38C6 /* ArticleViewController.swift in Sources */,
				4B0BED4D2640547700FF75F9 /* SettingsSelectionViewController.swift in Sources */,
				4BAFC6AF278DF31000312ADE /* ArticleOutput.swift in Sources */,
				4BE3A55E27681DD400D8A26D /* LocalServiceError.swift in Sources */,
				4B72872B263080C400A072DA /* CountryNewsViewController.swift in Sources */,
				4B0BED4726404B0700FF75F9 /* SettingsSection.swift in Sources */,
				4BE3A55C2768026200D8A26D /* CountryCellViewModel.swift in Sources */,
				4B9E2EDD2765792C00FEBFF5 /* NewsMapViewModel.swift in Sources */,
				4BD8ED8427697D2D00ABE58B /* SearchBarExtensions.swift in Sources */,
				4B9E2EDF27657C3B00FEBFF5 /* CountryNewsViewModel.swift in Sources */,
				4BBAA07C26272ED1000C2D19 /* CustomView.swift in Sources */,
				4B19B2CD276162BD007E9547 /* CountryLocalNews.swift in Sources */,
				4BBAA06B26272DF1000C2D19 /* NewsAPIService.swift in Sources */,
				4B0BED5326405CD100FF75F9 /* Language.swift in Sources */,
				4BF66E8F261F51920078CE36 /* SettingsViewController.swift in Sources */,
				4BBAA08126272EED000C2D19 /* CustomImageView.swift in Sources */,
				4BBAA08C26274AF7000C2D19 /* Article.swift in Sources */,
				4B19B2CF27616373007E9547 /* ArticleViewModel.swift in Sources */,
				4B73261B2652B91300F3C3EF /* CountryAutoCompletionTableViewCell.swift in Sources */,
			);
			runOnlyForDeploymentPostprocessing = 0;
		};
		4BF66E56261F4EA00078CE36 /* Sources */ = {
			isa = PBXSourcesBuildPhase;
			buildActionMask = 2147483647;
			files = (
				4B19B2D227616428007E9547 /* NewsMockService.swift in Sources */,
				4BF66E5F261F4EA00078CE36 /* SuperNewsTests.swift in Sources */,
				4BD83707276FE3E500C2E417 /* CountryNewsViewModelTests.swift in Sources */,
				4B924812276ABCA20031AE60 /* LocalTestSupport.swift in Sources */,
				4BD83700276FCF0500C2E417 /* NewsViewModelTests.swift in Sources */,
			);
			runOnlyForDeploymentPostprocessing = 0;
		};
		4BF66E61261F4EA00078CE36 /* Sources */ = {
			isa = PBXSourcesBuildPhase;
			buildActionMask = 2147483647;
			files = (
				4BF66E6A261F4EA00078CE36 /* SuperNewsUITests.swift in Sources */,
			);
			runOnlyForDeploymentPostprocessing = 0;
		};
/* End PBXSourcesBuildPhase section */

/* Begin PBXTargetDependency section */
		4BF66E5C261F4EA00078CE36 /* PBXTargetDependency */ = {
			isa = PBXTargetDependency;
			target = 4BF66E43261F4EA00078CE36 /* SuperNews */;
			targetProxy = 4BF66E5B261F4EA00078CE36 /* PBXContainerItemProxy */;
		};
		4BF66E67261F4EA00078CE36 /* PBXTargetDependency */ = {
			isa = PBXTargetDependency;
			target = 4BF66E43261F4EA00078CE36 /* SuperNews */;
			targetProxy = 4BF66E66261F4EA00078CE36 /* PBXContainerItemProxy */;
		};
/* End PBXTargetDependency section */

/* Begin PBXVariantGroup section */
		4BF66E4D261F4EA00078CE36 /* Main.storyboard */ = {
			isa = PBXVariantGroup;
			children = (
				4BF66E4E261F4EA00078CE36 /* Base */,
			);
			name = Main.storyboard;
			sourceTree = "<group>";
		};
		4BF66E52261F4EA00078CE36 /* LaunchScreen.storyboard */ = {
			isa = PBXVariantGroup;
			children = (
				4BF66E53261F4EA00078CE36 /* Base */,
			);
			name = LaunchScreen.storyboard;
			sourceTree = "<group>";
		};
/* End PBXVariantGroup section */

/* Begin XCBuildConfiguration section */
		4BF66E6C261F4EA00078CE36 /* Debug */ = {
			isa = XCBuildConfiguration;
			buildSettings = {
				ALWAYS_SEARCH_USER_PATHS = NO;
				CLANG_ANALYZER_NONNULL = YES;
				CLANG_ANALYZER_NUMBER_OBJECT_CONVERSION = YES_AGGRESSIVE;
				CLANG_CXX_LANGUAGE_STANDARD = "gnu++14";
				CLANG_CXX_LIBRARY = "libc++";
				CLANG_ENABLE_MODULES = YES;
				CLANG_ENABLE_OBJC_ARC = YES;
				CLANG_ENABLE_OBJC_WEAK = YES;
				CLANG_WARN_BLOCK_CAPTURE_AUTORELEASING = YES;
				CLANG_WARN_BOOL_CONVERSION = YES;
				CLANG_WARN_COMMA = YES;
				CLANG_WARN_CONSTANT_CONVERSION = YES;
				CLANG_WARN_DEPRECATED_OBJC_IMPLEMENTATIONS = YES;
				CLANG_WARN_DIRECT_OBJC_ISA_USAGE = YES_ERROR;
				CLANG_WARN_DOCUMENTATION_COMMENTS = YES;
				CLANG_WARN_EMPTY_BODY = YES;
				CLANG_WARN_ENUM_CONVERSION = YES;
				CLANG_WARN_INFINITE_RECURSION = YES;
				CLANG_WARN_INT_CONVERSION = YES;
				CLANG_WARN_NON_LITERAL_NULL_CONVERSION = YES;
				CLANG_WARN_OBJC_IMPLICIT_RETAIN_SELF = YES;
				CLANG_WARN_OBJC_LITERAL_CONVERSION = YES;
				CLANG_WARN_OBJC_ROOT_CLASS = YES_ERROR;
				CLANG_WARN_QUOTED_INCLUDE_IN_FRAMEWORK_HEADER = YES;
				CLANG_WARN_RANGE_LOOP_ANALYSIS = YES;
				CLANG_WARN_STRICT_PROTOTYPES = YES;
				CLANG_WARN_SUSPICIOUS_MOVE = YES;
				CLANG_WARN_UNGUARDED_AVAILABILITY = YES_AGGRESSIVE;
				CLANG_WARN_UNREACHABLE_CODE = YES;
				CLANG_WARN__DUPLICATE_METHOD_MATCH = YES;
				COPY_PHASE_STRIP = NO;
				DEBUG_INFORMATION_FORMAT = dwarf;
				ENABLE_STRICT_OBJC_MSGSEND = YES;
				ENABLE_TESTABILITY = YES;
				GCC_C_LANGUAGE_STANDARD = gnu11;
				GCC_DYNAMIC_NO_PIC = NO;
				GCC_NO_COMMON_BLOCKS = YES;
				GCC_OPTIMIZATION_LEVEL = 0;
				GCC_PREPROCESSOR_DEFINITIONS = (
					"DEBUG=1",
					"$(inherited)",
				);
				GCC_WARN_64_TO_32_BIT_CONVERSION = YES;
				GCC_WARN_ABOUT_RETURN_TYPE = YES_ERROR;
				GCC_WARN_UNDECLARED_SELECTOR = YES;
				GCC_WARN_UNINITIALIZED_AUTOS = YES_AGGRESSIVE;
				GCC_WARN_UNUSED_FUNCTION = YES;
				GCC_WARN_UNUSED_VARIABLE = YES;
				IPHONEOS_DEPLOYMENT_TARGET = 14.4;
				MTL_ENABLE_DEBUG_INFO = INCLUDE_SOURCE;
				MTL_FAST_MATH = YES;
				ONLY_ACTIVE_ARCH = YES;
				SDKROOT = iphoneos;
				SWIFT_ACTIVE_COMPILATION_CONDITIONS = DEBUG;
				SWIFT_OPTIMIZATION_LEVEL = "-Onone";
			};
			name = Debug;
		};
		4BF66E6D261F4EA00078CE36 /* Release */ = {
			isa = XCBuildConfiguration;
			buildSettings = {
				ALWAYS_SEARCH_USER_PATHS = NO;
				CLANG_ANALYZER_NONNULL = YES;
				CLANG_ANALYZER_NUMBER_OBJECT_CONVERSION = YES_AGGRESSIVE;
				CLANG_CXX_LANGUAGE_STANDARD = "gnu++14";
				CLANG_CXX_LIBRARY = "libc++";
				CLANG_ENABLE_MODULES = YES;
				CLANG_ENABLE_OBJC_ARC = YES;
				CLANG_ENABLE_OBJC_WEAK = YES;
				CLANG_WARN_BLOCK_CAPTURE_AUTORELEASING = YES;
				CLANG_WARN_BOOL_CONVERSION = YES;
				CLANG_WARN_COMMA = YES;
				CLANG_WARN_CONSTANT_CONVERSION = YES;
				CLANG_WARN_DEPRECATED_OBJC_IMPLEMENTATIONS = YES;
				CLANG_WARN_DIRECT_OBJC_ISA_USAGE = YES_ERROR;
				CLANG_WARN_DOCUMENTATION_COMMENTS = YES;
				CLANG_WARN_EMPTY_BODY = YES;
				CLANG_WARN_ENUM_CONVERSION = YES;
				CLANG_WARN_INFINITE_RECURSION = YES;
				CLANG_WARN_INT_CONVERSION = YES;
				CLANG_WARN_NON_LITERAL_NULL_CONVERSION = YES;
				CLANG_WARN_OBJC_IMPLICIT_RETAIN_SELF = YES;
				CLANG_WARN_OBJC_LITERAL_CONVERSION = YES;
				CLANG_WARN_OBJC_ROOT_CLASS = YES_ERROR;
				CLANG_WARN_QUOTED_INCLUDE_IN_FRAMEWORK_HEADER = YES;
				CLANG_WARN_RANGE_LOOP_ANALYSIS = YES;
				CLANG_WARN_STRICT_PROTOTYPES = YES;
				CLANG_WARN_SUSPICIOUS_MOVE = YES;
				CLANG_WARN_UNGUARDED_AVAILABILITY = YES_AGGRESSIVE;
				CLANG_WARN_UNREACHABLE_CODE = YES;
				CLANG_WARN__DUPLICATE_METHOD_MATCH = YES;
				COPY_PHASE_STRIP = NO;
				DEBUG_INFORMATION_FORMAT = "dwarf-with-dsym";
				ENABLE_NS_ASSERTIONS = NO;
				ENABLE_STRICT_OBJC_MSGSEND = YES;
				GCC_C_LANGUAGE_STANDARD = gnu11;
				GCC_NO_COMMON_BLOCKS = YES;
				GCC_WARN_64_TO_32_BIT_CONVERSION = YES;
				GCC_WARN_ABOUT_RETURN_TYPE = YES_ERROR;
				GCC_WARN_UNDECLARED_SELECTOR = YES;
				GCC_WARN_UNINITIALIZED_AUTOS = YES_AGGRESSIVE;
				GCC_WARN_UNUSED_FUNCTION = YES;
				GCC_WARN_UNUSED_VARIABLE = YES;
				IPHONEOS_DEPLOYMENT_TARGET = 14.4;
				MTL_ENABLE_DEBUG_INFO = NO;
				MTL_FAST_MATH = YES;
				SDKROOT = iphoneos;
				SWIFT_COMPILATION_MODE = wholemodule;
				SWIFT_OPTIMIZATION_LEVEL = "-O";
				VALIDATE_PRODUCT = YES;
			};
			name = Release;
		};
		4BF66E6F261F4EA00078CE36 /* Debug */ = {
			isa = XCBuildConfiguration;
			baseConfigurationReference = FCCBF7372A34D96BF0AE0AF8 /* Pods-SuperNews.debug.xcconfig */;
			buildSettings = {
				ASSETCATALOG_COMPILER_APPICON_NAME = AppIcon;
				ASSETCATALOG_COMPILER_GLOBAL_ACCENT_COLOR_NAME = AccentColor;
				CODE_SIGN_STYLE = Automatic;
				DEVELOPMENT_TEAM = LX6HN92HPR;
				INFOPLIST_FILE = SuperNews/Info.plist;
				IPHONEOS_DEPLOYMENT_TARGET = 14.1;
				LD_RUNPATH_SEARCH_PATHS = (
					"$(inherited)",
					"@executable_path/Frameworks",
				);
				PRODUCT_BUNDLE_IDENTIFIER = com.kous92.SuperNews;
				PRODUCT_NAME = "$(TARGET_NAME)";
				SWIFT_VERSION = 5.0;
				TARGETED_DEVICE_FAMILY = "1,2";
			};
			name = Debug;
		};
		4BF66E70261F4EA00078CE36 /* Release */ = {
			isa = XCBuildConfiguration;
			baseConfigurationReference = 9DA41367DBF7E195B4EA57B0 /* Pods-SuperNews.release.xcconfig */;
			buildSettings = {
				ASSETCATALOG_COMPILER_APPICON_NAME = AppIcon;
				ASSETCATALOG_COMPILER_GLOBAL_ACCENT_COLOR_NAME = AccentColor;
				CODE_SIGN_STYLE = Automatic;
				DEVELOPMENT_TEAM = LX6HN92HPR;
				INFOPLIST_FILE = SuperNews/Info.plist;
				IPHONEOS_DEPLOYMENT_TARGET = 14.1;
				LD_RUNPATH_SEARCH_PATHS = (
					"$(inherited)",
					"@executable_path/Frameworks",
				);
				PRODUCT_BUNDLE_IDENTIFIER = com.kous92.SuperNews;
				PRODUCT_NAME = "$(TARGET_NAME)";
				SWIFT_VERSION = 5.0;
				TARGETED_DEVICE_FAMILY = "1,2";
			};
			name = Release;
		};
		4BF66E72261F4EA00078CE36 /* Debug */ = {
			isa = XCBuildConfiguration;
			baseConfigurationReference = 47F654CBD355DF74788696BD /* Pods-SuperNewsTests.debug.xcconfig */;
			buildSettings = {
				ALWAYS_EMBED_SWIFT_STANDARD_LIBRARIES = YES;
				BUNDLE_LOADER = "$(TEST_HOST)";
				CODE_SIGN_STYLE = Automatic;
				DEVELOPMENT_TEAM = LX6HN92HPR;
				INFOPLIST_FILE = SuperNewsTests/Info.plist;
				IPHONEOS_DEPLOYMENT_TARGET = 14.4;
				LD_RUNPATH_SEARCH_PATHS = (
					"$(inherited)",
					"@executable_path/Frameworks",
					"@loader_path/Frameworks",
				);
				PRODUCT_BUNDLE_IDENTIFIER = com.kous92.SuperNewsTests;
				PRODUCT_NAME = "$(TARGET_NAME)";
				SWIFT_VERSION = 5.0;
				TARGETED_DEVICE_FAMILY = "1,2";
				TEST_HOST = "$(BUILT_PRODUCTS_DIR)/SuperNews.app/SuperNews";
			};
			name = Debug;
		};
		4BF66E73261F4EA00078CE36 /* Release */ = {
			isa = XCBuildConfiguration;
			baseConfigurationReference = 37D167163BF37EF3A1694426 /* Pods-SuperNewsTests.release.xcconfig */;
			buildSettings = {
				ALWAYS_EMBED_SWIFT_STANDARD_LIBRARIES = YES;
				BUNDLE_LOADER = "$(TEST_HOST)";
				CODE_SIGN_STYLE = Automatic;
				DEVELOPMENT_TEAM = LX6HN92HPR;
				INFOPLIST_FILE = SuperNewsTests/Info.plist;
				IPHONEOS_DEPLOYMENT_TARGET = 14.4;
				LD_RUNPATH_SEARCH_PATHS = (
					"$(inherited)",
					"@executable_path/Frameworks",
					"@loader_path/Frameworks",
				);
				PRODUCT_BUNDLE_IDENTIFIER = com.kous92.SuperNewsTests;
				PRODUCT_NAME = "$(TARGET_NAME)";
				SWIFT_VERSION = 5.0;
				TARGETED_DEVICE_FAMILY = "1,2";
				TEST_HOST = "$(BUILT_PRODUCTS_DIR)/SuperNews.app/SuperNews";
			};
			name = Release;
		};
		4BF66E75261F4EA00078CE36 /* Debug */ = {
			isa = XCBuildConfiguration;
			baseConfigurationReference = 7861BABE9793C4A5FC04D66D /* Pods-SuperNews-SuperNewsUITests.debug.xcconfig */;
			buildSettings = {
				ALWAYS_EMBED_SWIFT_STANDARD_LIBRARIES = YES;
				CODE_SIGN_STYLE = Automatic;
				DEVELOPMENT_TEAM = LX6HN92HPR;
				INFOPLIST_FILE = SuperNewsUITests/Info.plist;
				LD_RUNPATH_SEARCH_PATHS = (
					"$(inherited)",
					"@executable_path/Frameworks",
					"@loader_path/Frameworks",
				);
				PRODUCT_BUNDLE_IDENTIFIER = com.kous92.SuperNewsUITests;
				PRODUCT_NAME = "$(TARGET_NAME)";
				SWIFT_VERSION = 5.0;
				TARGETED_DEVICE_FAMILY = "1,2";
				TEST_TARGET_NAME = SuperNews;
			};
			name = Debug;
		};
		4BF66E76261F4EA00078CE36 /* Release */ = {
			isa = XCBuildConfiguration;
			baseConfigurationReference = A03DD4D1269AE79443F54120 /* Pods-SuperNews-SuperNewsUITests.release.xcconfig */;
			buildSettings = {
				ALWAYS_EMBED_SWIFT_STANDARD_LIBRARIES = YES;
				CODE_SIGN_STYLE = Automatic;
				DEVELOPMENT_TEAM = LX6HN92HPR;
				INFOPLIST_FILE = SuperNewsUITests/Info.plist;
				LD_RUNPATH_SEARCH_PATHS = (
					"$(inherited)",
					"@executable_path/Frameworks",
					"@loader_path/Frameworks",
				);
				PRODUCT_BUNDLE_IDENTIFIER = com.kous92.SuperNewsUITests;
				PRODUCT_NAME = "$(TARGET_NAME)";
				SWIFT_VERSION = 5.0;
				TARGETED_DEVICE_FAMILY = "1,2";
				TEST_TARGET_NAME = SuperNews;
			};
			name = Release;
		};
/* End XCBuildConfiguration section */

/* Begin XCConfigurationList section */
		4BF66E3F261F4EA00078CE36 /* Build configuration list for PBXProject "SuperNews" */ = {
			isa = XCConfigurationList;
			buildConfigurations = (
				4BF66E6C261F4EA00078CE36 /* Debug */,
				4BF66E6D261F4EA00078CE36 /* Release */,
			);
			defaultConfigurationIsVisible = 0;
			defaultConfigurationName = Release;
		};
		4BF66E6E261F4EA00078CE36 /* Build configuration list for PBXNativeTarget "SuperNews" */ = {
			isa = XCConfigurationList;
			buildConfigurations = (
				4BF66E6F261F4EA00078CE36 /* Debug */,
				4BF66E70261F4EA00078CE36 /* Release */,
			);
			defaultConfigurationIsVisible = 0;
			defaultConfigurationName = Release;
		};
		4BF66E71261F4EA00078CE36 /* Build configuration list for PBXNativeTarget "SuperNewsTests" */ = {
			isa = XCConfigurationList;
			buildConfigurations = (
				4BF66E72261F4EA00078CE36 /* Debug */,
				4BF66E73261F4EA00078CE36 /* Release */,
			);
			defaultConfigurationIsVisible = 0;
			defaultConfigurationName = Release;
		};
		4BF66E74261F4EA00078CE36 /* Build configuration list for PBXNativeTarget "SuperNewsUITests" */ = {
			isa = XCConfigurationList;
			buildConfigurations = (
				4BF66E75261F4EA00078CE36 /* Debug */,
				4BF66E76261F4EA00078CE36 /* Release */,
			);
			defaultConfigurationIsVisible = 0;
			defaultConfigurationName = Release;
		};
/* End XCConfigurationList section */
	};
	rootObject = 4BF66E3C261F4EA00078CE36 /* Project object */;
}
